
Microsoft Visual Studio Solution File, Format Version 12.00
# Visual Studio Version 17
VisualStudioVersion = 17.4.33122.133
MinimumVisualStudioVersion = 10.0.40219.1
Project("{FAE04EC0-301F-11D3-BF4B-00C04F79EFBC}") = "MenderbugOptions", "MenderbugOptions\MenderbugOptions.csproj", "{7FBE7008-526B-4E99-BBEB-1EE5D614CCE4}"
EndProject
Project("{2150E333-8FDC-42A3-9474-1A3956D46DE8}") = "Solution Files", "Solution Files", "{7B7FEAAA-CE02-4604-86E1-184897FED441}"
	ProjectSection(SolutionItems) = preProject
		.github\workflows\build.yml = .github\workflows\build.yml
		.github\dependabot.yml = .github\dependabot.yml
		README.md = README.md
	EndProjectSection
EndProject
Global
	GlobalSection(SolutionConfigurationPlatforms) = preSolution
		Debug|Any CPU = Debug|Any CPU
		Release|Any CPU = Release|Any CPU
	EndGlobalSection
	GlobalSection(ProjectConfigurationPlatforms) = postSolution
		{7FBE7008-526B-4E99-BBEB-1EE5D614CCE4}.Debug|Any CPU.ActiveCfg = Debug|Any CPU
		{7FBE7008-526B-4E99-BBEB-1EE5D614CCE4}.Debug|Any CPU.Build.0 = Debug|Any CPU
		{7FBE7008-526B-4E99-BBEB-1EE5D614CCE4}.Release|Any CPU.ActiveCfg = Release|Any CPU
		{7FBE7008-526B-4E99-BBEB-1EE5D614CCE4}.Release|Any CPU.Build.0 = Release|Any CPU
	EndGlobalSection
	GlobalSection(SolutionProperties) = preSolution
		HideSolutionNode = FALSE
	EndGlobalSection
	GlobalSection(ExtensibilityGlobals) = postSolution
		SolutionGuid = {E1969556-446F-4F66-B08B-444680317FCF}
	EndGlobalSection
EndGlobal
